{
  "nodes": {
    "flake-parts": {
      "inputs": {
        "nixpkgs-lib": [
          "nixpkgs"
        ]
      },
      "locked": {
        "lastModified": 1693611461,
        "narHash": "sha256-aPODl8vAgGQ0ZYFIRisxYG5MOGSkIczvu2Cd8Gb9+1Y=",
        "owner": "hercules-ci",
        "repo": "flake-parts",
        "rev": "7f53fdb7bdc5bb237da7fefef12d099e4fd611ca",
        "type": "github"
      },
      "original": {
        "owner": "hercules-ci",
        "repo": "flake-parts",
        "type": "github"
      }
    },
    "haskell-flake": {
      "locked": {
        "lastModified": 1684780604,
        "narHash": "sha256-2uMZsewmRn7rRtAnnQNw1lj0uZBMh4m6Cs/7dV5YF08=",
        "owner": "srid",
        "repo": "haskell-flake",
        "rev": "74210fa80a49f1b6f67223debdbf1494596ff9f2",
        "type": "github"
      },
      "original": {
        "owner": "srid",
        "ref": "0.3.0",
        "repo": "haskell-flake",
        "type": "github"
      }
    },
    "hercules-ci-agent": {
      "inputs": {
        "flake-parts": [
          "flake-parts"
        ],
        "haskell-flake": "haskell-flake",
        "nixpkgs": [
          "nixpkgs"
        ]
      },
      "locked": {
        "lastModified": 1693397971,
        "narHash": "sha256-P5PQ8KzK/SXvEsw+AzG7OBUgnGhuUzKETNHhqVokc+0=",
        "owner": "hercules-ci",
        "repo": "hercules-ci-agent",
        "rev": "344b8b1079731a8c1e144119174f684fb492e03a",
        "type": "github"
      },
      "original": {
        "owner": "hercules-ci",
        "repo": "hercules-ci-agent",
        "type": "github"
      }
    },
    "hercules-ci-effects": {
      "inputs": {
        "flake-parts": [
          "flake-parts"
        ],
        "hercules-ci-agent": [
          "hercules-ci-agent"
        ],
        "nixpkgs": [
          "nixpkgs"
        ]
      },
      "locked": {
        "lastModified": 1689397210,
        "narHash": "sha256-fVxZnqxMbsDkB4GzGAs/B41K0wt/e+B/fLxmTFF/S20=",
        "owner": "hercules-ci",
        "repo": "hercules-ci-effects",
        "rev": "0a63bfa3f00a3775ea3a6722b247880f1ffe91ce",
        "type": "github"
      },
      "original": {
        "owner": "hercules-ci",
        "repo": "hercules-ci-effects",
        "type": "github"
      }
    },
    "invokeai-src": {
      "flake": false,
      "locked": {
        "lastModified": 1677475057,
        "narHash": "sha256-REtyVcyRgspn1yYvB4vIHdOrPRZRNSSraepHik9MfgE=",
        "owner": "invoke-ai",
        "repo": "InvokeAI",
        "rev": "650f4bb58ceca458bff1410f35cd6d6caad399c6",
        "type": "github"
      },
      "original": {
        "owner": "invoke-ai",
        "ref": "v2.3.1.post2",
        "repo": "InvokeAI",
        "type": "github"
      }
    },
    "koboldai-src": {
      "flake": false,
      "locked": {
        "lastModified": 1668957963,
        "narHash": "sha256-fKQ/6LiMmrfSWczC5kcf6M9cpuF9dDYl2gJ4+6ZLSdY=",
        "owner": "koboldai",
        "repo": "koboldai-client",
        "rev": "f2077b8e58db6bd47a62bf9ed2649bb0711f9678",
        "type": "github"
      },
      "original": {
        "owner": "koboldai",
        "ref": "1.19.2",
        "repo": "koboldai-client",
        "type": "github"
      }
    },
    "nixpkgs": {
      "locked": {
        "lastModified": 1695360818,
        "narHash": "sha256-JlkN3R/SSoMTa+CasbxS1gq+GpGxXQlNZRUh9+LIy/0=",
        "owner": "nixos",
        "repo": "nixpkgs",
        "rev": "e35dcc04a3853da485a396bdd332217d0ac9054f",
        "type": "github"
      },
      "original": {
        "owner": "nixos",
        "repo": "nixpkgs",
        "rev": "e35dcc04a3853da485a396bdd332217d0ac9054f",
        "type": "github"
      }
    },
    "root": {
      "inputs": {
        "flake-parts": "flake-parts",
        "hercules-ci-agent": "hercules-ci-agent",
        "hercules-ci-effects": "hercules-ci-effects",
        "invokeai-src": "invokeai-src",
        "koboldai-src": "koboldai-src",
        "nixpkgs": "nixpkgs",
        "textgen-src": "textgen-src"
      }
    },
    "textgen-src": {
      "flake": false,
      "locked": {
        "lastModified": 1696651286,
        "narHash": "sha256-PQPxdZsjdu82T4UXa3osrZUvrtBj1tpcZdGNyvuRGz4=",
        "owner": "oobabooga",
        "repo": "text-generation-webui",
        "rev": "2a7cb346dddd82b9fbfdb68a4011a52a1f465dc7",
        "type": "github"
      },
      "original": {
        "owner": "oobabooga",
        "ref": "main",
        "repo": "text-generation-webui",
        "type": "github"
      }
    }
  },
  "root": "root",
  "version": 7
}
